
Microsoft Visual Studio Solution File, Format Version 12.00
# Visual Studio Version 16
VisualStudioVersion = 16.0.30413.136
MinimumVisualStudioVersion = 10.0.40219.1
Project("{9A19103F-16F7-4668-BE54-9A1E7A4F7556}") = "Assignment7", "Assignment7\Assignment7.csproj", "{751F2D27-0C25-444D-83C4-6E9B343B37D3}"
EndProject
Global
	GlobalSection(SolutionConfigurationPlatforms) = preSolution
		Debug|Any CPU = Debug|Any CPU
		Release|Any CPU = Release|Any CPU
	EndGlobalSection
	GlobalSection(ProjectConfigurationPlatforms) = postSolution
		{751F2D27-0C25-444D-83C4-6E9B343B37D3}.Debug|Any CPU.ActiveCfg = Debug|Any CPU
		{751F2D27-0C25-444D-83C4-6E9B343B37D3}.Debug|Any CPU.Build.0 = Debug|Any CPU
		{751F2D27-0C25-444D-83C4-6E9B343B37D3}.Release|Any CPU.ActiveCfg = Release|Any CPU
		{751F2D27-0C25-444D-83C4-6E9B343B37D3}.Release|Any CPU.Build.0 = Release|Any CPU
	EndGlobalSection
	GlobalSection(SolutionProperties) = preSolution
		HideSolutionNode = FALSE
	EndGlobalSection
	GlobalSection(ExtensibilityGlobals) = postSolution
		SolutionGuid = {3B96A02A-BFF1-43DA-8BFD-7283CD6B57BC}
	EndGlobalSection
EndGlobal
